// !$*UTF8*$!
{
	archiveVersion = 1;
	classes = {
	};
	objectVersion = 77;
	objects = {

/* Begin PBXBuildFile section */
		05E05E142701A263B489D779 /* BiquadFilter.swift in Sources */ = {isa = PBXBuildFile; fileRef = E7DFA9FCF8D81DB6EB672A8E /* BiquadFilter.swift */; };
		07AB21C148BF6E02EA431D44 /* AboutView.swift in Sources */ = {isa = PBXBuildFile; fileRef = A3423652758E7B95A34E99DC /* AboutView.swift */; };
		14F738F5D84AC95D58AA6719 /* AppModelABTests.swift in Sources */ = {isa = PBXBuildFile; fileRef = 5DB8D081F359BAFB24CA6A02 /* AppModelABTests.swift */; };
		1B3739ED6941444235BB0046 /* SampleRing.swift in Sources */ = {isa = PBXBuildFile; fileRef = CE046EC9864374774D2FBEB9 /* SampleRing.swift */; };
		1B62CE36C6F414FB2B0F7F7A /* SpectrumTests.swift in Sources */ = {isa = PBXBuildFile; fileRef = DBAE9C3D9EC16D38EEDB2F89 /* SpectrumTests.swift */; };
		1E3D4E73C2289640DC028248 /* EQResponseCurve.swift in Sources */ = {isa = PBXBuildFile; fileRef = 0F1DD883C795C0ED627950D3 /* EQResponseCurve.swift */; };
		20871B31F7F27F19254070AB /* RealtimeParametricEQTests.swift in Sources */ = {isa = PBXBuildFile; fileRef = 95AE30DD128476018F5B8CED /* RealtimeParametricEQTests.swift */; };
		20A108E17A148E1A68DFB265 /* BandPalette.swift in Sources */ = {isa = PBXBuildFile; fileRef = F4D93BD8BDDAADD313218127 /* BandPalette.swift */; };
		21C9CA20C608B8AAFC6159E7 /* AudioEngine.swift in Sources */ = {isa = PBXBuildFile; fileRef = 2A46C8CBAB54E14A2A8DA6FF /* AudioEngine.swift */; };
		267C40FBA15525A453A8A228 /* GainMathTests.swift in Sources */ = {isa = PBXBuildFile; fileRef = BC3FDF85B616A1CCA57F47A0 /* GainMathTests.swift */; };
		2BF2931666C012DBF49C1489 /* ProfileManagerTests.swift in Sources */ = {isa = PBXBuildFile; fileRef = C4A544CF2249DD575F76E6EC /* ProfileManagerTests.swift */; };
		2D9DA676A2C01D959384162C /* EQProfile.swift in Sources */ = {isa = PBXBuildFile; fileRef = 6EBD07360AEA963D10746CDF /* EQProfile.swift */; };
		30EC85B212AFCDC7217D564C /* AudioEngineProtocol.swift in Sources */ = {isa = PBXBuildFile; fileRef = 18E3D5436A0A3FA2C126268F /* AudioEngineProtocol.swift */; };
		38BB9F07AA43A25AFA7B6295 /* Visualizations.swift in Sources */ = {isa = PBXBuildFile; fileRef = DD39AF0246080F495EEFF95A /* Visualizations.swift */; };
		39D9C806C5A8FC49176097A5 /* ContentView.swift in Sources */ = {isa = PBXBuildFile; fileRef = 63C4EC3B766CAA38B91E0159 /* ContentView.swift */; };
		4870BA5F135F68B61E24EDB2 /* SpectrumView.swift in Sources */ = {isa = PBXBuildFile; fileRef = 1357741D992348B0FA020780 /* SpectrumView.swift */; };
		491BDA25C271C196067CF4D7 /* PermissionHelper.swift in Sources */ = {isa = PBXBuildFile; fileRef = D8099D566442C0E0A256CF89 /* PermissionHelper.swift */; };
		4BD0D72AFC8E682FC02EA0E8 /* BiquadCoefficients.swift in Sources */ = {isa = PBXBuildFile; fileRef = BBC0EB11DA5A48559A073BD6 /* BiquadCoefficients.swift */; };
		4EA0CFDEFCB10052BFD3C09E /* TroubleshootingView.swift in Sources */ = {isa = PBXBuildFile; fileRef = 59CD6F596D10BC7A11A7E4A9 /* TroubleshootingView.swift */; };
		518422632FE84996B091CC71 /* ProfileStore.swift in Sources */ = {isa = PBXBuildFile; fileRef = D366D632708ECC2ADB2DA5DE /* ProfileStore.swift */; };
		56D9E34C510F936DB35D5F89 /* SpectrumAnalyzer.swift in Sources */ = {isa = PBXBuildFile; fileRef = 69EFFCFD37F93153BAA6C7F8 /* SpectrumAnalyzer.swift */; };
		602B6D8CFD5FC44D88FB31E5 /* BiquadCoefficientsTests.swift in Sources */ = {isa = PBXBuildFile; fileRef = 8A6522B39A34C4681AE84632 /* BiquadCoefficientsTests.swift */; };
		63A90C4D61CE82AE8AE352E5 /* AutoEQImporter.swift in Sources */ = {isa = PBXBuildFile; fileRef = 69C30D0B7632518843FE771F /* AutoEQImporter.swift */; };
		64477D7F455F652815777F85 /* MenuBarContent.swift in Sources */ = {isa = PBXBuildFile; fileRef = 6234E6C6D35DC54B28975A84 /* MenuBarContent.swift */; };
		6B79F6459E8CB9BFF78EA72D /* AutoEQImportView.swift in Sources */ = {isa = PBXBuildFile; fileRef = 0DE01553BA6996EEEE69BB69 /* AutoEQImportView.swift */; };
		800332210111BA6688FA66F2 /* AppModel.swift in Sources */ = {isa = PBXBuildFile; fileRef = C08443F9720725E1952FAFE9 /* AppModel.swift */; };
		A2E632393FFF24292D159231 /* Atomics in Frameworks */ = {isa = PBXBuildFile; productRef = ABC755F571079F1637B8CFDA /* Atomics */; };
		A5BFD00CDF3AB3DA0EEA1FA2 /* RealtimeParametricEQ.swift in Sources */ = {isa = PBXBuildFile; fileRef = 456E5263CDB3F894E35017DF /* RealtimeParametricEQ.swift */; };
		A710B075274D8221DFB9C763 /* DSPTests.swift in Sources */ = {isa = PBXBuildFile; fileRef = 6387B054AE633CFEAECA2128 /* DSPTests.swift */; };
		A92148CCB3294E50C0DF4483 /* AutoEQImporterTests.swift in Sources */ = {isa = PBXBuildFile; fileRef = 1441D6DF5158ACE2A52BED31 /* AutoEQImporterTests.swift */; };
		AA68CE110F00675C49392FDD /* FrequencyResponseEditor.swift in Sources */ = {isa = PBXBuildFile; fileRef = 80DB05206431EB8490B85801 /* FrequencyResponseEditor.swift */; };
		AAC2E576C7DAFAD55818F419 /* Assets.xcassets in Resources */ = {isa = PBXBuildFile; fileRef = 801B157816D10E75D667333E /* Assets.xcassets */; };
		AD66B15122B18DA5FC8D1FC9 /* SpectrumProcessor.swift in Sources */ = {isa = PBXBuildFile; fileRef = 969C0A32E5FD96D696C0337B /* SpectrumProcessor.swift */; };
		B51504A1ADA4EB03FFB29467 /* ProfileLibraryView.swift in Sources */ = {isa = PBXBuildFile; fileRef = 6C893909FEC488B484EAE4A6 /* ProfileLibraryView.swift */; };
		B5F91C39291C870DCB0C37C0 /* WelcomeView.swift in Sources */ = {isa = PBXBuildFile; fileRef = FD188809AD7AF330F6644F14 /* WelcomeView.swift */; };
		BFD3F05F1BA8ADBCF20491D5 /* GainMath.swift in Sources */ = {isa = PBXBuildFile; fileRef = 2E3CC9FB2C142B415C61E85D /* GainMath.swift */; };
		C987B0BBA980CFE02A8B3C0E /* AudioDeviceUtils.swift in Sources */ = {isa = PBXBuildFile; fileRef = DB83238E8FBD998998A46D5D /* AudioDeviceUtils.swift */; };
		CCB94F99159B6FC388EBEF1F /* ProfileStoreTests.swift in Sources */ = {isa = PBXBuildFile; fileRef = 49D51B2CCA205E107E996D20 /* ProfileStoreTests.swift */; };
		CF3BA7E33D9B486ECFD4C9F6 /* ProfileManager.swift in Sources */ = {isa = PBXBuildFile; fileRef = 04D7E588B5520FAE4EF18FEB /* ProfileManager.swift */; };
		CF8EA1D601F146C7C193B81B /* Crossfeed.swift in Sources */ = {isa = PBXBuildFile; fileRef = 44369809954BFBBD9C90A63A /* Crossfeed.swift */; };
		DD051DE86C67560999445641 /* EQResponseCurveTests.swift in Sources */ = {isa = PBXBuildFile; fileRef = 6FC8C17EFA098F61680B6AF5 /* EQResponseCurveTests.swift */; };
		DDC16348F7CB8328A6388699 /* CrossfeedTests.swift in Sources */ = {isa = PBXBuildFile; fileRef = 440B9F844019AB37A0946FB3 /* CrossfeedTests.swift */; };
		F64C79FF15C5766BD21A009D /* SonarForgeApp.swift in Sources */ = {isa = PBXBuildFile; fileRef = 08F0FECA9BB33357B21A23EB /* SonarForgeApp.swift */; };
		FD3A77C27B71EB1982C31356 /* ShortcutsHelpView.swift in Sources */ = {isa = PBXBuildFile; fileRef = 5E6D3B15E242E4852446AA86 /* ShortcutsHelpView.swift */; };
/* End PBXBuildFile section */

/* Begin PBXContainerItemProxy section */
		12DD199D7964D01AB4603E73 /* PBXContainerItemProxy */ = {
			isa = PBXContainerItemProxy;
			containerPortal = 6C92A7B8CF59287B23FB3E4C /* Project object */;
			proxyType = 1;
			remoteGlobalIDString = 60809CC1F879F8CF964F4460;
			remoteInfo = SonarForge;
		};
/* End PBXContainerItemProxy section */

/* Begin PBXFileReference section */
		04D7E588B5520FAE4EF18FEB /* ProfileManager.swift */ = {isa = PBXFileReference; lastKnownFileType = sourcecode.swift; path = ProfileManager.swift; sourceTree = "<group>"; };
		06F086ECF969C4D896823E90 /* SonarForge.app */ = {isa = PBXFileReference; explicitFileType = wrapper.application; includeInIndex = 0; path = SonarForge.app; sourceTree = BUILT_PRODUCTS_DIR; };
		08F0FECA9BB33357B21A23EB /* SonarForgeApp.swift */ = {isa = PBXFileReference; lastKnownFileType = sourcecode.swift; path = SonarForgeApp.swift; sourceTree = "<group>"; };
		0DE01553BA6996EEEE69BB69 /* AutoEQImportView.swift */ = {isa = PBXFileReference; lastKnownFileType = sourcecode.swift; path = AutoEQImportView.swift; sourceTree = "<group>"; };
		0F1DD883C795C0ED627950D3 /* EQResponseCurve.swift */ = {isa = PBXFileReference; lastKnownFileType = sourcecode.swift; path = EQResponseCurve.swift; sourceTree = "<group>"; };
		1357741D992348B0FA020780 /* SpectrumView.swift */ = {isa = PBXFileReference; lastKnownFileType = sourcecode.swift; path = SpectrumView.swift; sourceTree = "<group>"; };
		1441D6DF5158ACE2A52BED31 /* AutoEQImporterTests.swift */ = {isa = PBXFileReference; lastKnownFileType = sourcecode.swift; path = AutoEQImporterTests.swift; sourceTree = "<group>"; };
		18E3D5436A0A3FA2C126268F /* AudioEngineProtocol.swift */ = {isa = PBXFileReference; lastKnownFileType = sourcecode.swift; path = AudioEngineProtocol.swift; sourceTree = "<group>"; };
		2A46C8CBAB54E14A2A8DA6FF /* AudioEngine.swift */ = {isa = PBXFileReference; lastKnownFileType = sourcecode.swift; path = AudioEngine.swift; sourceTree = "<group>"; };
		2E3CC9FB2C142B415C61E85D /* GainMath.swift */ = {isa = PBXFileReference; lastKnownFileType = sourcecode.swift; path = GainMath.swift; sourceTree = "<group>"; };
		440B9F844019AB37A0946FB3 /* CrossfeedTests.swift */ = {isa = PBXFileReference; lastKnownFileType = sourcecode.swift; path = CrossfeedTests.swift; sourceTree = "<group>"; };
		44369809954BFBBD9C90A63A /* Crossfeed.swift */ = {isa = PBXFileReference; lastKnownFileType = sourcecode.swift; path = Crossfeed.swift; sourceTree = "<group>"; };
		456E5263CDB3F894E35017DF /* RealtimeParametricEQ.swift */ = {isa = PBXFileReference; lastKnownFileType = sourcecode.swift; path = RealtimeParametricEQ.swift; sourceTree = "<group>"; };
		49D51B2CCA205E107E996D20 /* ProfileStoreTests.swift */ = {isa = PBXFileReference; lastKnownFileType = sourcecode.swift; path = ProfileStoreTests.swift; sourceTree = "<group>"; };
		59CD6F596D10BC7A11A7E4A9 /* TroubleshootingView.swift */ = {isa = PBXFileReference; lastKnownFileType = sourcecode.swift; path = TroubleshootingView.swift; sourceTree = "<group>"; };
		5DB8D081F359BAFB24CA6A02 /* AppModelABTests.swift */ = {isa = PBXFileReference; lastKnownFileType = sourcecode.swift; path = AppModelABTests.swift; sourceTree = "<group>"; };
		5E6D3B15E242E4852446AA86 /* ShortcutsHelpView.swift */ = {isa = PBXFileReference; lastKnownFileType = sourcecode.swift; path = ShortcutsHelpView.swift; sourceTree = "<group>"; };
		6234E6C6D35DC54B28975A84 /* MenuBarContent.swift */ = {isa = PBXFileReference; lastKnownFileType = sourcecode.swift; path = MenuBarContent.swift; sourceTree = "<group>"; };
		6387B054AE633CFEAECA2128 /* DSPTests.swift */ = {isa = PBXFileReference; lastKnownFileType = sourcecode.swift; path = DSPTests.swift; sourceTree = "<group>"; };
		63C4EC3B766CAA38B91E0159 /* ContentView.swift */ = {isa = PBXFileReference; lastKnownFileType = sourcecode.swift; path = ContentView.swift; sourceTree = "<group>"; };
		664B719906D2750F61DA3568 /* Info.plist */ = {isa = PBXFileReference; lastKnownFileType = text.plist; path = Info.plist; sourceTree = "<group>"; };
		69C30D0B7632518843FE771F /* AutoEQImporter.swift */ = {isa = PBXFileReference; lastKnownFileType = sourcecode.swift; path = AutoEQImporter.swift; sourceTree = "<group>"; };
		69EFFCFD37F93153BAA6C7F8 /* SpectrumAnalyzer.swift */ = {isa = PBXFileReference; lastKnownFileType = sourcecode.swift; path = SpectrumAnalyzer.swift; sourceTree = "<group>"; };
		6C893909FEC488B484EAE4A6 /* ProfileLibraryView.swift */ = {isa = PBXFileReference; lastKnownFileType = sourcecode.swift; path = ProfileLibraryView.swift; sourceTree = "<group>"; };
		6EBD07360AEA963D10746CDF /* EQProfile.swift */ = {isa = PBXFileReference; lastKnownFileType = sourcecode.swift; path = EQProfile.swift; sourceTree = "<group>"; };
		6FC8C17EFA098F61680B6AF5 /* EQResponseCurveTests.swift */ = {isa = PBXFileReference; lastKnownFileType = sourcecode.swift; path = EQResponseCurveTests.swift; sourceTree = "<group>"; };
		801B157816D10E75D667333E /* Assets.xcassets */ = {isa = PBXFileReference; lastKnownFileType = folder.assetcatalog; path = Assets.xcassets; sourceTree = "<group>"; };
		80DB05206431EB8490B85801 /* FrequencyResponseEditor.swift */ = {isa = PBXFileReference; lastKnownFileType = sourcecode.swift; path = FrequencyResponseEditor.swift; sourceTree = "<group>"; };
		8A6522B39A34C4681AE84632 /* BiquadCoefficientsTests.swift */ = {isa = PBXFileReference; lastKnownFileType = sourcecode.swift; path = BiquadCoefficientsTests.swift; sourceTree = "<group>"; };
		95AE30DD128476018F5B8CED /* RealtimeParametricEQTests.swift */ = {isa = PBXFileReference; lastKnownFileType = sourcecode.swift; path = RealtimeParametricEQTests.swift; sourceTree = "<group>"; };
		969C0A32E5FD96D696C0337B /* SpectrumProcessor.swift */ = {isa = PBXFileReference; lastKnownFileType = sourcecode.swift; path = SpectrumProcessor.swift; sourceTree = "<group>"; };
		A3423652758E7B95A34E99DC /* AboutView.swift */ = {isa = PBXFileReference; lastKnownFileType = sourcecode.swift; path = AboutView.swift; sourceTree = "<group>"; };
		AF5265D6E8288637A0D1A93A /* Entitlements.entitlements */ = {isa = PBXFileReference; lastKnownFileType = text.plist.entitlements; path = Entitlements.entitlements; sourceTree = "<group>"; };
		BBC0EB11DA5A48559A073BD6 /* BiquadCoefficients.swift */ = {isa = PBXFileReference; lastKnownFileType = sourcecode.swift; path = BiquadCoefficients.swift; sourceTree = "<group>"; };
		BC3FDF85B616A1CCA57F47A0 /* GainMathTests.swift */ = {isa = PBXFileReference; lastKnownFileType = sourcecode.swift; path = GainMathTests.swift; sourceTree = "<group>"; };
		C08443F9720725E1952FAFE9 /* AppModel.swift */ = {isa = PBXFileReference; lastKnownFileType = sourcecode.swift; path = AppModel.swift; sourceTree = "<group>"; };
		C4A544CF2249DD575F76E6EC /* ProfileManagerTests.swift */ = {isa = PBXFileReference; lastKnownFileType = sourcecode.swift; path = ProfileManagerTests.swift; sourceTree = "<group>"; };
		CE046EC9864374774D2FBEB9 /* SampleRing.swift */ = {isa = PBXFileReference; lastKnownFileType = sourcecode.swift; path = SampleRing.swift; sourceTree = "<group>"; };
		D366D632708ECC2ADB2DA5DE /* ProfileStore.swift */ = {isa = PBXFileReference; lastKnownFileType = sourcecode.swift; path = ProfileStore.swift; sourceTree = "<group>"; };
		D8099D566442C0E0A256CF89 /* PermissionHelper.swift */ = {isa = PBXFileReference; lastKnownFileType = sourcecode.swift; path = PermissionHelper.swift; sourceTree = "<group>"; };
		DB83238E8FBD998998A46D5D /* AudioDeviceUtils.swift */ = {isa = PBXFileReference; lastKnownFileType = sourcecode.swift; path = AudioDeviceUtils.swift; sourceTree = "<group>"; };
		DBAE9C3D9EC16D38EEDB2F89 /* SpectrumTests.swift */ = {isa = PBXFileReference; lastKnownFileType = sourcecode.swift; path = SpectrumTests.swift; sourceTree = "<group>"; };
		DC3C4953AE7ED21D5CF42587 /* SonarForgeTests.xctest */ = {isa = PBXFileReference; explicitFileType = wrapper.cfbundle; includeInIndex = 0; path = SonarForgeTests.xctest; sourceTree = BUILT_PRODUCTS_DIR; };
		DD39AF0246080F495EEFF95A /* Visualizations.swift */ = {isa = PBXFileReference; lastKnownFileType = sourcecode.swift; path = Visualizations.swift; sourceTree = "<group>"; };
		E7DFA9FCF8D81DB6EB672A8E /* BiquadFilter.swift */ = {isa = PBXFileReference; lastKnownFileType = sourcecode.swift; path = BiquadFilter.swift; sourceTree = "<group>"; };
		F4D93BD8BDDAADD313218127 /* BandPalette.swift */ = {isa = PBXFileReference; lastKnownFileType = sourcecode.swift; path = BandPalette.swift; sourceTree = "<group>"; };
		FD188809AD7AF330F6644F14 /* WelcomeView.swift */ = {isa = PBXFileReference; lastKnownFileType = sourcecode.swift; path = WelcomeView.swift; sourceTree = "<group>"; };
/* End PBXFileReference section */

/* Begin PBXFrameworksBuildPhase section */
		7F803B7F8B27339EEEBAEA40 /* Frameworks */ = {
			isa = PBXFrameworksBuildPhase;
			buildActionMask = 2147483647;
			files = (
				A2E632393FFF24292D159231 /* Atomics in Frameworks */,
			);
			runOnlyForDeploymentPostprocessing = 0;
		};
/* End PBXFrameworksBuildPhase section */

/* Begin PBXGroup section */
		0F9170330FE4B2BCE3CBD1E9 /* DSP */ = {
			isa = PBXGroup;
			children = (
				BBC0EB11DA5A48559A073BD6 /* BiquadCoefficients.swift */,
				E7DFA9FCF8D81DB6EB672A8E /* BiquadFilter.swift */,
				44369809954BFBBD9C90A63A /* Crossfeed.swift */,
				0F1DD883C795C0ED627950D3 /* EQResponseCurve.swift */,
				2E3CC9FB2C142B415C61E85D /* GainMath.swift */,
				456E5263CDB3F894E35017DF /* RealtimeParametricEQ.swift */,
				CE046EC9864374774D2FBEB9 /* SampleRing.swift */,
				969C0A32E5FD96D696C0337B /* SpectrumProcessor.swift */,
			);
			path = DSP;
			sourceTree = "<group>";
		};
		2F74C76C3DF70E0E4704AEF2 /* Resources */ = {
			isa = PBXGroup;
			children = (
				AF5265D6E8288637A0D1A93A /* Entitlements.entitlements */,
				664B719906D2750F61DA3568 /* Info.plist */,
			);
			path = Resources;
			sourceTree = "<group>";
		};
		38E7082794C3E62B0311D88B /* Sources */ = {
			isa = PBXGroup;
			children = (
				98BE215D4413B80B645D6EE1 /* SonarForge */,
				740D9DE0233B7D352970BFF3 /* SonarForgeTests */,
			);
			path = Sources;
			sourceTree = "<group>";
		};
		47EB3339870B6B784D190147 /* Utilities */ = {
			isa = PBXGroup;
			children = (
				D8099D566442C0E0A256CF89 /* PermissionHelper.swift */,
			);
			path = Utilities;
			sourceTree = "<group>";
		};
		5573C01189BF97B71BE5AD4C = {
			isa = PBXGroup;
			children = (
				D76DA6BB737EF9D92C21DA02 /* Assets */,
				38E7082794C3E62B0311D88B /* Sources */,
				721C2D7D165C8711166C59A6 /* Products */,
			);
			sourceTree = "<group>";
		};
		55D90E995281ACE50D3F6D7D /* UI */ = {
			isa = PBXGroup;
			children = (
				A3423652758E7B95A34E99DC /* AboutView.swift */,
				0DE01553BA6996EEEE69BB69 /* AutoEQImportView.swift */,
				F4D93BD8BDDAADD313218127 /* BandPalette.swift */,
				63C4EC3B766CAA38B91E0159 /* ContentView.swift */,
				80DB05206431EB8490B85801 /* FrequencyResponseEditor.swift */,
				6234E6C6D35DC54B28975A84 /* MenuBarContent.swift */,
				6C893909FEC488B484EAE4A6 /* ProfileLibraryView.swift */,
				5E6D3B15E242E4852446AA86 /* ShortcutsHelpView.swift */,
				1357741D992348B0FA020780 /* SpectrumView.swift */,
				59CD6F596D10BC7A11A7E4A9 /* TroubleshootingView.swift */,
				DD39AF0246080F495EEFF95A /* Visualizations.swift */,
				FD188809AD7AF330F6644F14 /* WelcomeView.swift */,
			);
			path = UI;
			sourceTree = "<group>";
		};
		721C2D7D165C8711166C59A6 /* Products */ = {
			isa = PBXGroup;
			children = (
				06F086ECF969C4D896823E90 /* SonarForge.app */,
				DC3C4953AE7ED21D5CF42587 /* SonarForgeTests.xctest */,
			);
			name = Products;
			sourceTree = "<group>";
		};
		740D9DE0233B7D352970BFF3 /* SonarForgeTests */ = {
			isa = PBXGroup;
			children = (
				5DB8D081F359BAFB24CA6A02 /* AppModelABTests.swift */,
				1441D6DF5158ACE2A52BED31 /* AutoEQImporterTests.swift */,
				8A6522B39A34C4681AE84632 /* BiquadCoefficientsTests.swift */,
				440B9F844019AB37A0946FB3 /* CrossfeedTests.swift */,
				6387B054AE633CFEAECA2128 /* DSPTests.swift */,
				6FC8C17EFA098F61680B6AF5 /* EQResponseCurveTests.swift */,
				BC3FDF85B616A1CCA57F47A0 /* GainMathTests.swift */,
				C4A544CF2249DD575F76E6EC /* ProfileManagerTests.swift */,
				49D51B2CCA205E107E996D20 /* ProfileStoreTests.swift */,
				95AE30DD128476018F5B8CED /* RealtimeParametricEQTests.swift */,
				DBAE9C3D9EC16D38EEDB2F89 /* SpectrumTests.swift */,
			);
			path = SonarForgeTests;
			sourceTree = "<group>";
		};
		98B05585E97DEBCF583A1ECA /* App */ = {
			isa = PBXGroup;
			children = (
				C08443F9720725E1952FAFE9 /* AppModel.swift */,
				08F0FECA9BB33357B21A23EB /* SonarForgeApp.swift */,
			);
			path = App;
			sourceTree = "<group>";
		};
		98BE215D4413B80B645D6EE1 /* SonarForge */ = {
			isa = PBXGroup;
			children = (
				98B05585E97DEBCF583A1ECA /* App */,
				AABC648B6A53E2F9966C079B /* Audio */,
				0F9170330FE4B2BCE3CBD1E9 /* DSP */,
				DD29195E0CD830CC88332BFD /* Models */,
				99720406FAB3E21A86096CE5 /* Profiles */,
				2F74C76C3DF70E0E4704AEF2 /* Resources */,
				55D90E995281ACE50D3F6D7D /* UI */,
				47EB3339870B6B784D190147 /* Utilities */,
			);
			path = SonarForge;
			sourceTree = "<group>";
		};
		99720406FAB3E21A86096CE5 /* Profiles */ = {
			isa = PBXGroup;
			children = (
				69C30D0B7632518843FE771F /* AutoEQImporter.swift */,
				04D7E588B5520FAE4EF18FEB /* ProfileManager.swift */,
				D366D632708ECC2ADB2DA5DE /* ProfileStore.swift */,
			);
			path = Profiles;
			sourceTree = "<group>";
		};
		AABC648B6A53E2F9966C079B /* Audio */ = {
			isa = PBXGroup;
			children = (
				DB83238E8FBD998998A46D5D /* AudioDeviceUtils.swift */,
				2A46C8CBAB54E14A2A8DA6FF /* AudioEngine.swift */,
				18E3D5436A0A3FA2C126268F /* AudioEngineProtocol.swift */,
				69EFFCFD37F93153BAA6C7F8 /* SpectrumAnalyzer.swift */,
			);
			path = Audio;
			sourceTree = "<group>";
		};
		D76DA6BB737EF9D92C21DA02 /* Assets */ = {
			isa = PBXGroup;
			children = (
				801B157816D10E75D667333E /* Assets.xcassets */,
			);
			path = Assets;
			sourceTree = "<group>";
		};
		DD29195E0CD830CC88332BFD /* Models */ = {
			isa = PBXGroup;
			children = (
				6EBD07360AEA963D10746CDF /* EQProfile.swift */,
			);
			path = Models;
			sourceTree = "<group>";
		};
/* End PBXGroup section */

/* Begin PBXNativeTarget section */
		36105BA33909D9EE16616A04 /* SonarForgeTests */ = {
			isa = PBXNativeTarget;
			buildConfigurationList = 62D188F9430C3FB478A6D9A5 /* Build configuration list for PBXNativeTarget "SonarForgeTests" */;
			buildPhases = (
				CA3264B6E6ED8A3F11300F34 /* Sources */,
			);
			buildRules = (
			);
			dependencies = (
				5618DC251695D94990F093EF /* PBXTargetDependency */,
			);
			name = SonarForgeTests;
			packageProductDependencies = (
			);
			productName = SonarForgeTests;
			productReference = DC3C4953AE7ED21D5CF42587 /* SonarForgeTests.xctest */;
			productType = "com.apple.product-type.bundle.unit-test";
		};
		60809CC1F879F8CF964F4460 /* SonarForge */ = {
			isa = PBXNativeTarget;
			buildConfigurationList = 5678C362509463447B225291 /* Build configuration list for PBXNativeTarget "SonarForge" */;
			buildPhases = (
				36E6B53B0608BF5ADD3822B3 /* Sources */,
				050CD9AFB9B5C4FF676031E8 /* Resources */,
				7F803B7F8B27339EEEBAEA40 /* Frameworks */,
				E1C102F59567ABD36A9E9A11 /* Install Full App Icon */,
			);
			buildRules = (
			);
			dependencies = (
			);
			name = SonarForge;
			packageProductDependencies = (
				ABC755F571079F1637B8CFDA /* Atomics */,
			);
			productName = SonarForge;
			productReference = 06F086ECF969C4D896823E90 /* SonarForge.app */;
			productType = "com.apple.product-type.application";
		};
/* End PBXNativeTarget section */

/* Begin PBXProject section */
		6C92A7B8CF59287B23FB3E4C /* Project object */ = {
			isa = PBXProject;
			attributes = {
				BuildIndependentTargetsInParallel = YES;
				LastUpgradeCheck = 1430;
				TargetAttributes = {
					60809CC1F879F8CF964F4460 = {
						ProvisioningStyle = Automatic;
					};
				};
			};
			buildConfigurationList = 27C3CEF0913EF86B65511F48 /* Build configuration list for PBXProject "SonarForge" */;
			developmentRegion = en;
			hasScannedForEncodings = 0;
			knownRegions = (
				Base,
				en,
			);
			mainGroup = 5573C01189BF97B71BE5AD4C;
			minimizedProjectReferenceProxies = 1;
			packageReferences = (
				CA7AEF6A27819C4DB8975050 /* XCRemoteSwiftPackageReference "swift-atomics" */,
			);
			preferredProjectObjectVersion = 77;
			productRefGroup = 721C2D7D165C8711166C59A6 /* Products */;
			projectDirPath = "";
			projectRoot = "";
			targets = (
				60809CC1F879F8CF964F4460 /* SonarForge */,
				36105BA33909D9EE16616A04 /* SonarForgeTests */,
			);
		};
/* End PBXProject section */

/* Begin PBXResourcesBuildPhase section */
		050CD9AFB9B5C4FF676031E8 /* Resources */ = {
			isa = PBXResourcesBuildPhase;
			buildActionMask = 2147483647;
			files = (
				AAC2E576C7DAFAD55818F419 /* Assets.xcassets in Resources */,
			);
			runOnlyForDeploymentPostprocessing = 0;
		};
/* End PBXResourcesBuildPhase section */

/* Begin PBXShellScriptBuildPhase section */
		E1C102F59567ABD36A9E9A11 /* Install Full App Icon */ = {
			isa = PBXShellScriptBuildPhase;
			alwaysOutOfDate = 1;
			buildActionMask = 2147483647;
			files = (
			);
			inputFileListPaths = (
			);
			inputPaths = (
			);
			name = "Install Full App Icon";
			outputFileListPaths = (
			);
			outputPaths = (
			);
			runOnlyForDeploymentPostprocessing = 0;
			shellPath = /bin/sh;
			shellScript = "FULL_ICON=\"${SRCROOT}/Assets/icon-exports/SonarForge.icns\"\nDEST=\"${TARGET_BUILD_DIR}/${UNLOCALIZED_RESOURCES_FOLDER_PATH}/AppIcon.icns\"\nif [ -f \"$FULL_ICON\" ]; then\n  cp \"$FULL_ICON\" \"$DEST\"\nfi\n";
		};
/* End PBXShellScriptBuildPhase section */

/* Begin PBXSourcesBuildPhase section */
		36E6B53B0608BF5ADD3822B3 /* Sources */ = {
			isa = PBXSourcesBuildPhase;
			buildActionMask = 2147483647;
			files = (
				07AB21C148BF6E02EA431D44 /* AboutView.swift in Sources */,
				800332210111BA6688FA66F2 /* AppModel.swift in Sources */,
				C987B0BBA980CFE02A8B3C0E /* AudioDeviceUtils.swift in Sources */,
				21C9CA20C608B8AAFC6159E7 /* AudioEngine.swift in Sources */,
				30EC85B212AFCDC7217D564C /* AudioEngineProtocol.swift in Sources */,
				6B79F6459E8CB9BFF78EA72D /* AutoEQImportView.swift in Sources */,
				63A90C4D61CE82AE8AE352E5 /* AutoEQImporter.swift in Sources */,
				20A108E17A148E1A68DFB265 /* BandPalette.swift in Sources */,
				4BD0D72AFC8E682FC02EA0E8 /* BiquadCoefficients.swift in Sources */,
				05E05E142701A263B489D779 /* BiquadFilter.swift in Sources */,
				39D9C806C5A8FC49176097A5 /* ContentView.swift in Sources */,
				CF8EA1D601F146C7C193B81B /* Crossfeed.swift in Sources */,
				2D9DA676A2C01D959384162C /* EQProfile.swift in Sources */,
				1E3D4E73C2289640DC028248 /* EQResponseCurve.swift in Sources */,
				AA68CE110F00675C49392FDD /* FrequencyResponseEditor.swift in Sources */,
				BFD3F05F1BA8ADBCF20491D5 /* GainMath.swift in Sources */,
				64477D7F455F652815777F85 /* MenuBarContent.swift in Sources */,
				491BDA25C271C196067CF4D7 /* PermissionHelper.swift in Sources */,
				B51504A1ADA4EB03FFB29467 /* ProfileLibraryView.swift in Sources */,
				CF3BA7E33D9B486ECFD4C9F6 /* ProfileManager.swift in Sources */,
				518422632FE84996B091CC71 /* ProfileStore.swift in Sources */,
				A5BFD00CDF3AB3DA0EEA1FA2 /* RealtimeParametricEQ.swift in Sources */,
				1B3739ED6941444235BB0046 /* SampleRing.swift in Sources */,
				FD3A77C27B71EB1982C31356 /* ShortcutsHelpView.swift in Sources */,
				F64C79FF15C5766BD21A009D /* SonarForgeApp.swift in Sources */,
				56D9E34C510F936DB35D5F89 /* SpectrumAnalyzer.swift in Sources */,
				AD66B15122B18DA5FC8D1FC9 /* SpectrumProcessor.swift in Sources */,
				4870BA5F135F68B61E24EDB2 /* SpectrumView.swift in Sources */,
				4EA0CFDEFCB10052BFD3C09E /* TroubleshootingView.swift in Sources */,
				38BB9F07AA43A25AFA7B6295 /* Visualizations.swift in Sources */,
				B5F91C39291C870DCB0C37C0 /* WelcomeView.swift in Sources */,
			);
			runOnlyForDeploymentPostprocessing = 0;
		};
		CA3264B6E6ED8A3F11300F34 /* Sources */ = {
			isa = PBXSourcesBuildPhase;
			buildActionMask = 2147483647;
			files = (
				14F738F5D84AC95D58AA6719 /* AppModelABTests.swift in Sources */,
				A92148CCB3294E50C0DF4483 /* AutoEQImporterTests.swift in Sources */,
				602B6D8CFD5FC44D88FB31E5 /* BiquadCoefficientsTests.swift in Sources */,
				DDC16348F7CB8328A6388699 /* CrossfeedTests.swift in Sources */,
				A710B075274D8221DFB9C763 /* DSPTests.swift in Sources */,
				DD051DE86C67560999445641 /* EQResponseCurveTests.swift in Sources */,
				267C40FBA15525A453A8A228 /* GainMathTests.swift in Sources */,
				2BF2931666C012DBF49C1489 /* ProfileManagerTests.swift in Sources */,
				CCB94F99159B6FC388EBEF1F /* ProfileStoreTests.swift in Sources */,
				20871B31F7F27F19254070AB /* RealtimeParametricEQTests.swift in Sources */,
				1B62CE36C6F414FB2B0F7F7A /* SpectrumTests.swift in Sources */,
			);
			runOnlyForDeploymentPostprocessing = 0;
		};
/* End PBXSourcesBuildPhase section */

/* Begin PBXTargetDependency section */
		5618DC251695D94990F093EF /* PBXTargetDependency */ = {
			isa = PBXTargetDependency;
			target = 60809CC1F879F8CF964F4460 /* SonarForge */;
			targetProxy = 12DD199D7964D01AB4603E73 /* PBXContainerItemProxy */;
		};
/* End PBXTargetDependency section */

/* Begin XCBuildConfiguration section */
		117D09B5C4E877959B07F537 /* Debug */ = {
			isa = XCBuildConfiguration;
			buildSettings = {
				BUNDLE_LOADER = "$(TEST_HOST)";
				COMBINE_HIDPI_IMAGES = YES;
				GENERATE_INFOPLIST_FILE = YES;
				LD_RUNPATH_SEARCH_PATHS = (
					"$(inherited)",
					"@executable_path/../Frameworks",
					"@loader_path/../Frameworks",
				);
				PRODUCT_BUNDLE_IDENTIFIER = com.sonarforge.SonarForgeTests;
				SDKROOT = macosx;
				TEST_HOST = "$(BUILT_PRODUCTS_DIR)/SonarForge.app/Contents/MacOS/SonarForge";
			};
			name = Debug;
		};
		1E83F1AAE136FF61F382CA73 /* Debug */ = {
			isa = XCBuildConfiguration;
			buildSettings = {
				ASSETCATALOG_COMPILER_APPICON_NAME = AppIcon;
				CODE_SIGN_ENTITLEMENTS = Sources/SonarForge/Resources/Entitlements.entitlements;
				CODE_SIGN_IDENTITY = "-";
				CODE_SIGN_STYLE = Automatic;
				COMBINE_HIDPI_IMAGES = YES;
				ENABLE_HARDENED_RUNTIME = YES;
				INFOPLIST_FILE = Sources/SonarForge/Resources/Info.plist;
				LD_RUNPATH_SEARCH_PATHS = (
					"$(inherited)",
					"@executable_path/../Frameworks",
				);
				PRODUCT_BUNDLE_IDENTIFIER = com.sonarforge.SonarForge;
				PRODUCT_NAME = SonarForge;
				SDKROOT = macosx;
			};
			name = Debug;
		};
		4252245263A8F19F416B9480 /* Debug */ = {
			isa = XCBuildConfiguration;
			buildSettings = {
				ALWAYS_SEARCH_USER_PATHS = NO;
				ARCHS = arm64;
				CLANG_ANALYZER_NONNULL = YES;
				CLANG_ANALYZER_NUMBER_OBJECT_CONVERSION = YES_AGGRESSIVE;
				CLANG_CXX_LANGUAGE_STANDARD = "gnu++14";
				CLANG_CXX_LIBRARY = "libc++";
				CLANG_ENABLE_MODULES = YES;
				CLANG_ENABLE_OBJC_ARC = YES;
				CLANG_ENABLE_OBJC_WEAK = YES;
				CLANG_WARN_BLOCK_CAPTURE_AUTORELEASING = YES;
				CLANG_WARN_BOOL_CONVERSION = YES;
				CLANG_WARN_COMMA = YES;
				CLANG_WARN_CONSTANT_CONVERSION = YES;
				CLANG_WARN_DEPRECATED_OBJC_IMPLEMENTATIONS = YES;
				CLANG_WARN_DIRECT_OBJC_ISA_USAGE = YES_ERROR;
				CLANG_WARN_DOCUMENTATION_COMMENTS = YES;
				CLANG_WARN_EMPTY_BODY = YES;
				CLANG_WARN_ENUM_CONVERSION = YES;
				CLANG_WARN_INFINITE_RECURSION = YES;
				CLANG_WARN_INT_CONVERSION = YES;
				CLANG_WARN_NON_LITERAL_NULL_CONVERSION = YES;
				CLANG_WARN_OBJC_IMPLICIT_RETAIN_SELF = YES;
				CLANG_WARN_OBJC_LITERAL_CONVERSION = YES;
				CLANG_WARN_OBJC_ROOT_CLASS = YES_ERROR;
				CLANG_WARN_QUOTED_INCLUDE_IN_FRAMEWORK_HEADER = YES;
				CLANG_WARN_RANGE_LOOP_ANALYSIS = YES;
				CLANG_WARN_STRICT_PROTOTYPES = YES;
				CLANG_WARN_SUSPICIOUS_MOVE = YES;
				CLANG_WARN_UNGUARDED_AVAILABILITY = YES_AGGRESSIVE;
				CLANG_WARN_UNREACHABLE_CODE = YES;
				CLANG_WARN__DUPLICATE_METHOD_MATCH = YES;
				COPY_PHASE_STRIP = NO;
				DEBUG_INFORMATION_FORMAT = dwarf;
				ENABLE_STRICT_OBJC_MSGSEND = YES;
				ENABLE_TESTABILITY = YES;
				GCC_C_LANGUAGE_STANDARD = gnu11;
				GCC_DYNAMIC_NO_PIC = NO;
				GCC_NO_COMMON_BLOCKS = YES;
				GCC_OPTIMIZATION_LEVEL = 0;
				GCC_PREPROCESSOR_DEFINITIONS = (
					"$(inherited)",
					"DEBUG=1",
				);
				GCC_WARN_64_TO_32_BIT_CONVERSION = YES;
				GCC_WARN_ABOUT_RETURN_TYPE = YES_ERROR;
				GCC_WARN_UNDECLARED_SELECTOR = YES;
				GCC_WARN_UNINITIALIZED_AUTOS = YES_AGGRESSIVE;
				GCC_WARN_UNUSED_FUNCTION = YES;
				GCC_WARN_UNUSED_VARIABLE = YES;
				MACOSX_DEPLOYMENT_TARGET = 14.2;
				MTL_ENABLE_DEBUG_INFO = INCLUDE_SOURCE;
				MTL_FAST_MATH = YES;
				ONLY_ACTIVE_ARCH = YES;
				PRODUCT_NAME = "$(TARGET_NAME)";
				SDKROOT = macosx;
				SUPPORTED_PLATFORMS = macosx;
				SWIFT_ACTIVE_COMPILATION_CONDITIONS = DEBUG;
				SWIFT_OPTIMIZATION_LEVEL = "-Onone";
				SWIFT_VERSION = 5.0;
				VALID_ARCHS = arm64;
			};
			name = Debug;
		};
		4E24F6CA0D1E82F5975B4655 /* Release */ = {
			isa = XCBuildConfiguration;
			buildSettings = {
				ALWAYS_SEARCH_USER_PATHS = NO;
				ARCHS = arm64;
				CLANG_ANALYZER_NONNULL = YES;
				CLANG_ANALYZER_NUMBER_OBJECT_CONVERSION = YES_AGGRESSIVE;
				CLANG_CXX_LANGUAGE_STANDARD = "gnu++14";
				CLANG_CXX_LIBRARY = "libc++";
				CLANG_ENABLE_MODULES = YES;
				CLANG_ENABLE_OBJC_ARC = YES;
				CLANG_ENABLE_OBJC_WEAK = YES;
				CLANG_WARN_BLOCK_CAPTURE_AUTORELEASING = YES;
				CLANG_WARN_BOOL_CONVERSION = YES;
				CLANG_WARN_COMMA = YES;
				CLANG_WARN_CONSTANT_CONVERSION = YES;
				CLANG_WARN_DEPRECATED_OBJC_IMPLEMENTATIONS = YES;
				CLANG_WARN_DIRECT_OBJC_ISA_USAGE = YES_ERROR;
				CLANG_WARN_DOCUMENTATION_COMMENTS = YES;
				CLANG_WARN_EMPTY_BODY = YES;
				CLANG_WARN_ENUM_CONVERSION = YES;
				CLANG_WARN_INFINITE_RECURSION = YES;
				CLANG_WARN_INT_CONVERSION = YES;
				CLANG_WARN_NON_LITERAL_NULL_CONVERSION = YES;
				CLANG_WARN_OBJC_IMPLICIT_RETAIN_SELF = YES;
				CLANG_WARN_OBJC_LITERAL_CONVERSION = YES;
				CLANG_WARN_OBJC_ROOT_CLASS = YES_ERROR;
				CLANG_WARN_QUOTED_INCLUDE_IN_FRAMEWORK_HEADER = YES;
				CLANG_WARN_RANGE_LOOP_ANALYSIS = YES;
				CLANG_WARN_STRICT_PROTOTYPES = YES;
				CLANG_WARN_SUSPICIOUS_MOVE = YES;
				CLANG_WARN_UNGUARDED_AVAILABILITY = YES_AGGRESSIVE;
				CLANG_WARN_UNREACHABLE_CODE = YES;
				CLANG_WARN__DUPLICATE_METHOD_MATCH = YES;
				COPY_PHASE_STRIP = NO;
				DEBUG_INFORMATION_FORMAT = "dwarf-with-dsym";
				ENABLE_NS_ASSERTIONS = NO;
				ENABLE_STRICT_OBJC_MSGSEND = YES;
				GCC_C_LANGUAGE_STANDARD = gnu11;
				GCC_NO_COMMON_BLOCKS = YES;
				GCC_WARN_64_TO_32_BIT_CONVERSION = YES;
				GCC_WARN_ABOUT_RETURN_TYPE = YES_ERROR;
				GCC_WARN_UNDECLARED_SELECTOR = YES;
				GCC_WARN_UNINITIALIZED_AUTOS = YES_AGGRESSIVE;
				GCC_WARN_UNUSED_FUNCTION = YES;
				GCC_WARN_UNUSED_VARIABLE = YES;
				MACOSX_DEPLOYMENT_TARGET = 14.2;
				MTL_ENABLE_DEBUG_INFO = NO;
				MTL_FAST_MATH = YES;
				ONLY_ACTIVE_ARCH = NO;
				PRODUCT_NAME = "$(TARGET_NAME)";
				SDKROOT = macosx;
				SUPPORTED_PLATFORMS = macosx;
				SWIFT_COMPILATION_MODE = wholemodule;
				SWIFT_OPTIMIZATION_LEVEL = "-O";
				SWIFT_VERSION = 5.0;
				VALID_ARCHS = arm64;
			};
			name = Release;
		};
		6A94AA1FCE0CCA35645D344B /* Release */ = {
			isa = XCBuildConfiguration;
			buildSettings = {
				ASSETCATALOG_COMPILER_APPICON_NAME = AppIcon;
				CODE_SIGN_ENTITLEMENTS = Sources/SonarForge/Resources/Entitlements.entitlements;
				CODE_SIGN_IDENTITY = "-";
				CODE_SIGN_STYLE = Automatic;
				COMBINE_HIDPI_IMAGES = YES;
				ENABLE_HARDENED_RUNTIME = YES;
				INFOPLIST_FILE = Sources/SonarForge/Resources/Info.plist;
				LD_RUNPATH_SEARCH_PATHS = (
					"$(inherited)",
					"@executable_path/../Frameworks",
				);
				PRODUCT_BUNDLE_IDENTIFIER = com.sonarforge.SonarForge;
				PRODUCT_NAME = SonarForge;
				SDKROOT = macosx;
			};
			name = Release;
		};
		753E8C6748E4F7EEE39779B8 /* Release */ = {
			isa = XCBuildConfiguration;
			buildSettings = {
				BUNDLE_LOADER = "$(TEST_HOST)";
				COMBINE_HIDPI_IMAGES = YES;
				GENERATE_INFOPLIST_FILE = YES;
				LD_RUNPATH_SEARCH_PATHS = (
					"$(inherited)",
					"@executable_path/../Frameworks",
					"@loader_path/../Frameworks",
				);
				PRODUCT_BUNDLE_IDENTIFIER = com.sonarforge.SonarForgeTests;
				SDKROOT = macosx;
				TEST_HOST = "$(BUILT_PRODUCTS_DIR)/SonarForge.app/Contents/MacOS/SonarForge";
			};
			name = Release;
		};
/* End XCBuildConfiguration section */

/* Begin XCConfigurationList section */
		27C3CEF0913EF86B65511F48 /* Build configuration list for PBXProject "SonarForge" */ = {
			isa = XCConfigurationList;
			buildConfigurations = (
				4252245263A8F19F416B9480 /* Debug */,
				4E24F6CA0D1E82F5975B4655 /* Release */,
			);
			defaultConfigurationIsVisible = 0;
			defaultConfigurationName = Debug;
		};
		5678C362509463447B225291 /* Build configuration list for PBXNativeTarget "SonarForge" */ = {
			isa = XCConfigurationList;
			buildConfigurations = (
				1E83F1AAE136FF61F382CA73 /* Debug */,
				6A94AA1FCE0CCA35645D344B /* Release */,
			);
			defaultConfigurationIsVisible = 0;
			defaultConfigurationName = Debug;
		};
		62D188F9430C3FB478A6D9A5 /* Build configuration list for PBXNativeTarget "SonarForgeTests" */ = {
			isa = XCConfigurationList;
			buildConfigurations = (
				117D09B5C4E877959B07F537 /* Debug */,
				753E8C6748E4F7EEE39779B8 /* Release */,
			);
			defaultConfigurationIsVisible = 0;
			defaultConfigurationName = Debug;
		};
/* End XCConfigurationList section */

/* Begin XCRemoteSwiftPackageReference section */
		CA7AEF6A27819C4DB8975050 /* XCRemoteSwiftPackageReference "swift-atomics" */ = {
			isa = XCRemoteSwiftPackageReference;
			repositoryURL = "https://github.com/apple/swift-atomics.git";
			requirement = {
				kind = upToNextMajorVersion;
				minimumVersion = 1.2.0;
			};
		};
/* End XCRemoteSwiftPackageReference section */

/* Begin XCSwiftPackageProductDependency section */
		ABC755F571079F1637B8CFDA /* Atomics */ = {
			isa = XCSwiftPackageProductDependency;
			package = CA7AEF6A27819C4DB8975050 /* XCRemoteSwiftPackageReference "swift-atomics" */;
			productName = Atomics;
		};
/* End XCSwiftPackageProductDependency section */
	};
	rootObject = 6C92A7B8CF59287B23FB3E4C /* Project object */;
}
